
Microsoft Visual Studio Solution File, Format Version 12.00
# Visual Studio Version 16
VisualStudioVersion = 16.0.29806.167
MinimumVisualStudioVersion = 10.0.40219.1
Project("{FAE04EC0-301F-11D3-BF4B-00C04F79EFBC}") = "Curso", "Curso.csproj", "{57459B5E-B13F-4357-8627-D267FDA1D95D}"
EndProject
Global
	GlobalSection(SolutionConfigurationPlatforms) = preSolution
		Debug|Any CPU = Debug|Any CPU
		Release|Any CPU = Release|Any CPU
	EndGlobalSection
	GlobalSection(ProjectConfigurationPlatforms) = postSolution
		{57459B5E-B13F-4357-8627-D267FDA1D95D}.Debug|Any CPU.ActiveCfg = Debug|Any CPU
		{57459B5E-B13F-4357-8627-D267FDA1D95D}.Debug|Any CPU.Build.0 = Debug|Any CPU
		{57459B5E-B13F-4357-8627-D267FDA1D95D}.Release|Any CPU.ActiveCfg = Release|Any CPU
		{57459B5E-B13F-4357-8627-D267FDA1D95D}.Release|Any CPU.Build.0 = Release|Any CPU
	EndGlobalSection
	GlobalSection(SolutionProperties) = preSolution
		HideSolutionNode = FALSE
	EndGlobalSection
	GlobalSection(ExtensibilityGlobals) = postSolution
		SolutionGuid = {5E0D03D2-3613-4791-AEE4-309A642F5157}
	EndGlobalSection
EndGlobal
